// !$*UTF8*$!
{
	archiveVersion = 1;
	classes = {
	};
	objectVersion = 48;
	objects = {

/* Begin PBXBuildFile section */
		CD07D3B020BD634100EA706F /* DaysData.swift in Sources */ = {isa = PBXBuildFile; fileRef = CD07D3AF20BD634100EA706F /* DaysData.swift */; };
		CD07D3B220BD8EFA00EA706F /* Image in Resources */ = {isa = PBXBuildFile; fileRef = CD07D3B120BD8EF900EA706F /* Image */; };
		CDBDDAB720BCD6880002859D /* InsertViewController.swift in Sources */ = {isa = PBXBuildFile; fileRef = CDBDDAB620BCD6880002859D /* InsertViewController.swift */; };
		CDBDDAB920BCF4F00002859D /* ListTableViewController.swift in Sources */ = {isa = PBXBuildFile; fileRef = CDBDDAB820BCF4F00002859D /* ListTableViewController.swift */; };
		CDD70BD320B6D1FE009B0A25 /* CreateViewController.swift in Sources */ = {isa = PBXBuildFile; fileRef = CDD70BD220B6D1FE009B0A25 /* CreateViewController.swift */; };
		CDD70BD520B6E0FF009B0A25 /* MyCactusViewController.swift in Sources */ = {isa = PBXBuildFile; fileRef = CDD70BD420B6E0FF009B0A25 /* MyCactusViewController.swift */; };
		CDD75B1F20B5310900E647ED /* AppDelegate.swift in Sources */ = {isa = PBXBuildFile; fileRef = CDD75B1E20B5310900E647ED /* AppDelegate.swift */; };
		CDD75B2120B5310900E647ED /* ViewController.swift in Sources */ = {isa = PBXBuildFile; fileRef = CDD75B2020B5310900E647ED /* ViewController.swift */; };
		CDD75B2420B5310900E647ED /* Main.storyboard in Resources */ = {isa = PBXBuildFile; fileRef = CDD75B2220B5310900E647ED /* Main.storyboard */; };
		CDD75B2720B5310900E647ED /* Today_s_cactus.xcdatamodeld in Sources */ = {isa = PBXBuildFile; fileRef = CDD75B2520B5310900E647ED /* Today_s_cactus.xcdatamodeld */; };
		CDD75B2920B5310900E647ED /* Assets.xcassets in Resources */ = {isa = PBXBuildFile; fileRef = CDD75B2820B5310900E647ED /* Assets.xcassets */; };
		CDD75B2C20B5310900E647ED /* LaunchScreen.storyboard in Resources */ = {isa = PBXBuildFile; fileRef = CDD75B2A20B5310900E647ED /* LaunchScreen.storyboard */; };
/* End PBXBuildFile section */

/* Begin PBXFileReference section */
		CD07D3AF20BD634100EA706F /* DaysData.swift */ = {isa = PBXFileReference; lastKnownFileType = sourcecode.swift; path = DaysData.swift; sourceTree = "<group>"; };
		CD07D3B120BD8EF900EA706F /* Image */ = {isa = PBXFileReference; lastKnownFileType = folder; path = Image; sourceTree = "<group>"; };
		CDBDDAB620BCD6880002859D /* InsertViewController.swift */ = {isa = PBXFileReference; lastKnownFileType = sourcecode.swift; path = InsertViewController.swift; sourceTree = "<group>"; };
		CDBDDAB820BCF4F00002859D /* ListTableViewController.swift */ = {isa = PBXFileReference; lastKnownFileType = sourcecode.swift; path = ListTableViewController.swift; sourceTree = "<group>"; };
		CDD70BD220B6D1FE009B0A25 /* CreateViewController.swift */ = {isa = PBXFileReference; lastKnownFileType = sourcecode.swift; path = CreateViewController.swift; sourceTree = "<group>"; };
		CDD70BD420B6E0FF009B0A25 /* MyCactusViewController.swift */ = {isa = PBXFileReference; lastKnownFileType = sourcecode.swift; path = MyCactusViewController.swift; sourceTree = "<group>"; };
		CDD75B1B20B5310900E647ED /* Today's cactus.app */ = {isa = PBXFileReference; explicitFileType = wrapper.application; includeInIndex = 0; path = "Today's cactus.app"; sourceTree = BUILT_PRODUCTS_DIR; };
		CDD75B1E20B5310900E647ED /* AppDelegate.swift */ = {isa = PBXFileReference; lastKnownFileType = sourcecode.swift; path = AppDelegate.swift; sourceTree = "<group>"; };
		CDD75B2020B5310900E647ED /* ViewController.swift */ = {isa = PBXFileReference; lastKnownFileType = sourcecode.swift; path = ViewController.swift; sourceTree = "<group>"; };
		CDD75B2320B5310900E647ED /* Base */ = {isa = PBXFileReference; lastKnownFileType = file.storyboard; name = Base; path = Base.lproj/Main.storyboard; sourceTree = "<group>"; };
		CDD75B2620B5310900E647ED /* Today_s_cactus.xcdatamodel */ = {isa = PBXFileReference; lastKnownFileType = wrapper.xcdatamodel; path = Today_s_cactus.xcdatamodel; sourceTree = "<group>"; };
		CDD75B2820B5310900E647ED /* Assets.xcassets */ = {isa = PBXFileReference; lastKnownFileType = folder.assetcatalog; path = Assets.xcassets; sourceTree = "<group>"; };
		CDD75B2B20B5310900E647ED /* Base */ = {isa = PBXFileReference; lastKnownFileType = file.storyboard; name = Base; path = Base.lproj/LaunchScreen.storyboard; sourceTree = "<group>"; };
		CDD75B2D20B5310900E647ED /* Info.plist */ = {isa = PBXFileReference; lastKnownFileType = text.plist.xml; path = Info.plist; sourceTree = "<group>"; };
/* End PBXFileReference section */

/* Begin PBXFrameworksBuildPhase section */
		CDD75B1820B5310900E647ED /* Frameworks */ = {
			isa = PBXFrameworksBuildPhase;
			buildActionMask = 2147483647;
			files = (
			);
			runOnlyForDeploymentPostprocessing = 0;
		};
/* End PBXFrameworksBuildPhase section */

/* Begin PBXGroup section */
		CDD75B1220B5310900E647ED = {
			isa = PBXGroup;
			children = (
				CDD75B1D20B5310900E647ED /* Today's cactus */,
				CDD75B1C20B5310900E647ED /* Products */,
			);
			sourceTree = "<group>";
		};
		CDD75B1C20B5310900E647ED /* Products */ = {
			isa = PBXGroup;
			children = (
				CDD75B1B20B5310900E647ED /* Today's cactus.app */,
			);
			name = Products;
			sourceTree = "<group>";
		};
		CDD75B1D20B5310900E647ED /* Today's cactus */ = {
			isa = PBXGroup;
			children = (
				CD07D3B120BD8EF900EA706F /* Image */,
				CDD75B1E20B5310900E647ED /* AppDelegate.swift */,
				CDD75B2020B5310900E647ED /* ViewController.swift */,
				CDD75B2220B5310900E647ED /* Main.storyboard */,
				CDD75B2820B5310900E647ED /* Assets.xcassets */,
				CDD75B2A20B5310900E647ED /* LaunchScreen.storyboard */,
				CDD75B2D20B5310900E647ED /* Info.plist */,
				CDD75B2520B5310900E647ED /* Today_s_cactus.xcdatamodeld */,
				CDD70BD220B6D1FE009B0A25 /* CreateViewController.swift */,
				CDD70BD420B6E0FF009B0A25 /* MyCactusViewController.swift */,
				CDBDDAB620BCD6880002859D /* InsertViewController.swift */,
				CDBDDAB820BCF4F00002859D /* ListTableViewController.swift */,
				CD07D3AF20BD634100EA706F /* DaysData.swift */,
			);
			path = "Today's cactus";
			sourceTree = "<group>";
		};
/* End PBXGroup section */

/* Begin PBXNativeTarget section */
		CDD75B1A20B5310900E647ED /* Today's cactus */ = {
			isa = PBXNativeTarget;
			buildConfigurationList = CDD75B3020B5310900E647ED /* Build configuration list for PBXNativeTarget "Today's cactus" */;
			buildPhases = (
				CDD75B1720B5310900E647ED /* Sources */,
				CDD75B1820B5310900E647ED /* Frameworks */,
				CDD75B1920B5310900E647ED /* Resources */,
			);
			buildRules = (
			);
			dependencies = (
			);
			name = "Today's cactus";
			productName = "Today's cactus";
			productReference = CDD75B1B20B5310900E647ED /* Today's cactus.app */;
			productType = "com.apple.product-type.application";
		};
/* End PBXNativeTarget section */

/* Begin PBXProject section */
		CDD75B1320B5310900E647ED /* Project object */ = {
			isa = PBXProject;
			attributes = {
				LastSwiftUpdateCheck = 0920;
				LastUpgradeCheck = 0920;
				ORGANIZATIONNAME = SWUCOMPUTER;
				TargetAttributes = {
					CDD75B1A20B5310900E647ED = {
						CreatedOnToolsVersion = 9.2;
						ProvisioningStyle = Automatic;
					};
				};
			};
			buildConfigurationList = CDD75B1620B5310900E647ED /* Build configuration list for PBXProject "Today's cactus" */;
			compatibilityVersion = "Xcode 8.0";
			developmentRegion = en;
			hasScannedForEncodings = 0;
			knownRegions = (
				en,
				Base,
			);
			mainGroup = CDD75B1220B5310900E647ED;
			productRefGroup = CDD75B1C20B5310900E647ED /* Products */;
			projectDirPath = "";
			projectRoot = "";
			targets = (
				CDD75B1A20B5310900E647ED /* Today's cactus */,
			);
		};
/* End PBXProject section */

/* Begin PBXResourcesBuildPhase section */
		CDD75B1920B5310900E647ED /* Resources */ = {
			isa = PBXResourcesBuildPhase;
			buildActionMask = 2147483647;
			files = (
				CD07D3B220BD8EFA00EA706F /* Image in Resources */,
				CDD75B2C20B5310900E647ED /* LaunchScreen.storyboard in Resources */,
				CDD75B2920B5310900E647ED /* Assets.xcassets in Resources */,
				CDD75B2420B5310900E647ED /* Main.storyboard in Resources */,
			);
			runOnlyForDeploymentPostprocessing = 0;
		};
/* End PBXResourcesBuildPhase section */

/* Begin PBXSourcesBuildPhase section */
		CDD75B1720B5310900E647ED /* Sources */ = {
			isa = PBXSourcesBuildPhase;
			buildActionMask = 2147483647;
			files = (
				CDD70BD320B6D1FE009B0A25 /* CreateViewController.swift in Sources */,
				CDD75B2120B5310900E647ED /* ViewController.swift in Sources */,
				CDD75B2720B5310900E647ED /* Today_s_cactus.xcdatamodeld in Sources */,
				CDBDDAB720BCD6880002859D /* InsertViewController.swift in Sources */,
				CD07D3B020BD634100EA706F /* DaysData.swift in Sources */,
				CDD75B1F20B5310900E647ED /* AppDelegate.swift in Sources */,
				CDD70BD520B6E0FF009B0A25 /* MyCactusViewController.swift in Sources */,
				CDBDDAB920BCF4F00002859D /* ListTableViewController.swift in Sources */,
			);
			runOnlyForDeploymentPostprocessing = 0;
		};
/* End PBXSourcesBuildPhase section */

/* Begin PBXVariantGroup section */
		CDD75B2220B5310900E647ED /* Main.storyboard */ = {
			isa = PBXVariantGroup;
			children = (
				CDD75B2320B5310900E647ED /* Base */,
			);
			name = Main.storyboard;
			sourceTree = "<group>";
		};
		CDD75B2A20B5310900E647ED /* LaunchScreen.storyboard */ = {
			isa = PBXVariantGroup;
			children = (
				CDD75B2B20B5310900E647ED /* Base */,
			);
			name = LaunchScreen.storyboard;
			sourceTree = "<group>";
		};
/* End PBXVariantGroup section */

/* Begin XCBuildConfiguration section */
		CDD75B2E20B5310900E647ED /* Debug */ = {
			isa = XCBuildConfiguration;
			buildSettings = {
				ALWAYS_SEARCH_USER_PATHS = NO;
				CLANG_ANALYZER_NONNULL = YES;
				CLANG_ANALYZER_NUMBER_OBJECT_CONVERSION = YES_AGGRESSIVE;
				CLANG_CXX_LANGUAGE_STANDARD = "gnu++14";
				CLANG_CXX_LIBRARY = "libc++";
				CLANG_ENABLE_MODULES = YES;
				CLANG_ENABLE_OBJC_ARC = YES;
				CLANG_WARN_BLOCK_CAPTURE_AUTORELEASING = YES;
				CLANG_WARN_BOOL_CONVERSION = YES;
				CLANG_WARN_COMMA = YES;
				CLANG_WARN_CONSTANT_CONVERSION = YES;
				CLANG_WARN_DIRECT_OBJC_ISA_USAGE = YES_ERROR;
				CLANG_WARN_DOCUMENTATION_COMMENTS = YES;
				CLANG_WARN_EMPTY_BODY = YES;
				CLANG_WARN_ENUM_CONVERSION = YES;
				CLANG_WARN_INFINITE_RECURSION = YES;
				CLANG_WARN_INT_CONVERSION = YES;
				CLANG_WARN_NON_LITERAL_NULL_CONVERSION = YES;
				CLANG_WARN_OBJC_LITERAL_CONVERSION = YES;
				CLANG_WARN_OBJC_ROOT_CLASS = YES_ERROR;
				CLANG_WARN_RANGE_LOOP_ANALYSIS = YES;
				CLANG_WARN_STRICT_PROTOTYPES = YES;
				CLANG_WARN_SUSPICIOUS_MOVE = YES;
				CLANG_WARN_UNGUARDED_AVAILABILITY = YES_AGGRESSIVE;
				CLANG_WARN_UNREACHABLE_CODE = YES;
				CLANG_WARN__DUPLICATE_METHOD_MATCH = YES;
				CODE_SIGN_IDENTITY = "iPhone Developer";
				COPY_PHASE_STRIP = NO;
				DEBUG_INFORMATION_FORMAT = dwarf;
				ENABLE_STRICT_OBJC_MSGSEND = YES;
				ENABLE_TESTABILITY = YES;
				GCC_C_LANGUAGE_STANDARD = gnu11;
				GCC_DYNAMIC_NO_PIC = NO;
				GCC_NO_COMMON_BLOCKS = YES;
				GCC_OPTIMIZATION_LEVEL = 0;
				GCC_PREPROCESSOR_DEFINITIONS = (
					"DEBUG=1",
					"$(inherited)",
				);
				GCC_WARN_64_TO_32_BIT_CONVERSION = YES;
				GCC_WARN_ABOUT_RETURN_TYPE = YES_ERROR;
				GCC_WARN_UNDECLARED_SELECTOR = YES;
				GCC_WARN_UNINITIALIZED_AUTOS = YES_AGGRESSIVE;
				GCC_WARN_UNUSED_FUNCTION = YES;
				GCC_WARN_UNUSED_VARIABLE = YES;
				IPHONEOS_DEPLOYMENT_TARGET = 11.2;
				MTL_ENABLE_DEBUG_INFO = YES;
				ONLY_ACTIVE_ARCH = YES;
				SDKROOT = iphoneos;
				SWIFT_ACTIVE_COMPILATION_CONDITIONS = DEBUG;
				SWIFT_OPTIMIZATION_LEVEL = "-Onone";
			};
			name = Debug;
		};
		CDD75B2F20B5310900E647ED /* Release */ = {
			isa = XCBuildConfiguration;
			buildSettings = {
				ALWAYS_SEARCH_USER_PATHS = NO;
				CLANG_ANALYZER_NONNULL = YES;
				CLANG_ANALYZER_NUMBER_OBJECT_CONVERSION = YES_AGGRESSIVE;
				CLANG_CXX_LANGUAGE_STANDARD = "gnu++14";
				CLANG_CXX_LIBRARY = "libc++";
				CLANG_ENABLE_MODULES = YES;
				CLANG_ENABLE_OBJC_ARC = YES;
				CLANG_WARN_BLOCK_CAPTURE_AUTORELEASING = YES;
				CLANG_WARN_BOOL_CONVERSION = YES;
				CLANG_WARN_COMMA = YES;
				CLANG_WARN_CONSTANT_CONVERSION = YES;
				CLANG_WARN_DIRECT_OBJC_ISA_USAGE = YES_ERROR;
				CLANG_WARN_DOCUMENTATION_COMMENTS = YES;
				CLANG_WARN_EMPTY_BODY = YES;
				CLANG_WARN_ENUM_CONVERSION = YES;
				CLANG_WARN_INFINITE_RECURSION = YES;
				CLANG_WARN_INT_CONVERSION = YES;
				CLANG_WARN_NON_LITERAL_NULL_CONVERSION = YES;
				CLANG_WARN_OBJC_LITERAL_CONVERSION = YES;
				CLANG_WARN_OBJC_ROOT_CLASS = YES_ERROR;
				CLANG_WARN_RANGE_LOOP_ANALYSIS = YES;
				CLANG_WARN_STRICT_PROTOTYPES = YES;
				CLANG_WARN_SUSPICIOUS_MOVE = YES;
				CLANG_WARN_UNGUARDED_AVAILABILITY = YES_AGGRESSIVE;
				CLANG_WARN_UNREACHABLE_CODE = YES;
				CLANG_WARN__DUPLICATE_METHOD_MATCH = YES;
				CODE_SIGN_IDENTITY = "iPhone Developer";
				COPY_PHASE_STRIP = NO;
				DEBUG_INFORMATION_FORMAT = "dwarf-with-dsym";
				ENABLE_NS_ASSERTIONS = NO;
				ENABLE_STRICT_OBJC_MSGSEND = YES;
				GCC_C_LANGUAGE_STANDARD = gnu11;
				GCC_NO_COMMON_BLOCKS = YES;
				GCC_WARN_64_TO_32_BIT_CONVERSION = YES;
				GCC_WARN_ABOUT_RETURN_TYPE = YES_ERROR;
				GCC_WARN_UNDECLARED_SELECTOR = YES;
				GCC_WARN_UNINITIALIZED_AUTOS = YES_AGGRESSIVE;
				GCC_WARN_UNUSED_FUNCTION = YES;
				GCC_WARN_UNUSED_VARIABLE = YES;
				IPHONEOS_DEPLOYMENT_TARGET = 11.2;
				MTL_ENABLE_DEBUG_INFO = NO;
				SDKROOT = iphoneos;
				SWIFT_OPTIMIZATION_LEVEL = "-Owholemodule";
				VALIDATE_PRODUCT = YES;
			};
			name = Release;
		};
		CDD75B3120B5310900E647ED /* Debug */ = {
			isa = XCBuildConfiguration;
			buildSettings = {
				ASSETCATALOG_COMPILER_APPICON_NAME = AppIcon;
				CODE_SIGN_STYLE = Automatic;
				INFOPLIST_FILE = "Today's cactus/Info.plist";
				LD_RUNPATH_SEARCH_PATHS = "$(inherited) @executable_path/Frameworks";
				PRODUCT_BUNDLE_IDENTIFIER = "swu.ac.kr.Today-s-cactus";
				PRODUCT_NAME = "$(TARGET_NAME)";
				SWIFT_VERSION = 4.0;
				TARGETED_DEVICE_FAMILY = "1,2";
			};
			name = Debug;
		};
		CDD75B3220B5310900E647ED /* Release */ = {
			isa = XCBuildConfiguration;
			buildSettings = {
				ASSETCATALOG_COMPILER_APPICON_NAME = AppIcon;
				CODE_SIGN_STYLE = Automatic;
				INFOPLIST_FILE = "Today's cactus/Info.plist";
				LD_RUNPATH_SEARCH_PATHS = "$(inherited) @executable_path/Frameworks";
				PRODUCT_BUNDLE_IDENTIFIER = "swu.ac.kr.Today-s-cactus";
				PRODUCT_NAME = "$(TARGET_NAME)";
				SWIFT_VERSION = 4.0;
				TARGETED_DEVICE_FAMILY = "1,2";
			};
			name = Release;
		};
/* End XCBuildConfiguration section */

/* Begin XCConfigurationList section */
		CDD75B1620B5310900E647ED /* Build configuration list for PBXProject "Today's cactus" */ = {
			isa = XCConfigurationList;
			buildConfigurations = (
				CDD75B2E20B5310900E647ED /* Debug */,
				CDD75B2F20B5310900E647ED /* Release */,
			);
			defaultConfigurationIsVisible = 0;
			defaultConfigurationName = Release;
		};
		CDD75B3020B5310900E647ED /* Build configuration list for PBXNativeTarget "Today's cactus" */ = {
			isa = XCConfigurationList;
			buildConfigurations = (
				CDD75B3120B5310900E647ED /* Debug */,
				CDD75B3220B5310900E647ED /* Release */,
			);
			defaultConfigurationIsVisible = 0;
			defaultConfigurationName = Release;
		};
/* End XCConfigurationList section */

/* Begin XCVersionGroup section */
		CDD75B2520B5310900E647ED /* Today_s_cactus.xcdatamodeld */ = {
			isa = XCVersionGroup;
			children = (
				CDD75B2620B5310900E647ED /* Today_s_cactus.xcdatamodel */,
			);
			currentVersion = CDD75B2620B5310900E647ED /* Today_s_cactus.xcdatamodel */;
			path = Today_s_cactus.xcdatamodeld;
			sourceTree = "<group>";
			versionGroupType = wrapper.xcdatamodel;
		};
/* End XCVersionGroup section */
	};
	rootObject = CDD75B1320B5310900E647ED /* Project object */;
}
